
Microsoft Visual Studio Solution File, Format Version 12.00
# Visual Studio 15
VisualStudioVersion = 15.0.28307.271
MinimumVisualStudioVersion = 10.0.40219.1
Project("{FAE04EC0-301F-11D3-BF4B-00C04F79EFBC}") = "ChattingServer", "ChattingServer\ChattingServer.csproj", "{99F6E19C-7BC9-46AB-AB3E-85AD8D982AAB}"
EndProject
Project("{FAE04EC0-301F-11D3-BF4B-00C04F79EFBC}") = "ChattingInterfaces", "ChattingInterfaces\ChattingInterfaces.csproj", "{E0AC5065-37C0-4777-9BEC-2EEC1941B466}"
EndProject
Project("{FAE04EC0-301F-11D3-BF4B-00C04F79EFBC}") = "ChattingClient", "ChattingClient\ChattingClient.csproj", "{0606CC3F-AC84-49C2-B7A0-962AA75F6004}"
EndProject
Global
	GlobalSection(SolutionConfigurationPlatforms) = preSolution
		Debug|Any CPU = Debug|Any CPU
		Release|Any CPU = Release|Any CPU
	EndGlobalSection
	GlobalSection(ProjectConfigurationPlatforms) = postSolution
		{99F6E19C-7BC9-46AB-AB3E-85AD8D982AAB}.Debug|Any CPU.ActiveCfg = Debug|Any CPU
		{99F6E19C-7BC9-46AB-AB3E-85AD8D982AAB}.Debug|Any CPU.Build.0 = Debug|Any CPU
		{99F6E19C-7BC9-46AB-AB3E-85AD8D982AAB}.Release|Any CPU.ActiveCfg = Release|Any CPU
		{99F6E19C-7BC9-46AB-AB3E-85AD8D982AAB}.Release|Any CPU.Build.0 = Release|Any CPU
		{E0AC5065-37C0-4777-9BEC-2EEC1941B466}.Debug|Any CPU.ActiveCfg = Debug|Any CPU
		{E0AC5065-37C0-4777-9BEC-2EEC1941B466}.Debug|Any CPU.Build.0 = Debug|Any CPU
		{E0AC5065-37C0-4777-9BEC-2EEC1941B466}.Release|Any CPU.ActiveCfg = Release|Any CPU
		{E0AC5065-37C0-4777-9BEC-2EEC1941B466}.Release|Any CPU.Build.0 = Release|Any CPU
		{0606CC3F-AC84-49C2-B7A0-962AA75F6004}.Debug|Any CPU.ActiveCfg = Debug|Any CPU
		{0606CC3F-AC84-49C2-B7A0-962AA75F6004}.Debug|Any CPU.Build.0 = Debug|Any CPU
		{0606CC3F-AC84-49C2-B7A0-962AA75F6004}.Release|Any CPU.ActiveCfg = Release|Any CPU
		{0606CC3F-AC84-49C2-B7A0-962AA75F6004}.Release|Any CPU.Build.0 = Release|Any CPU
	EndGlobalSection
	GlobalSection(SolutionProperties) = preSolution
		HideSolutionNode = FALSE
	EndGlobalSection
	GlobalSection(ExtensibilityGlobals) = postSolution
		SolutionGuid = {C51DE643-0BB6-4FF6-88C7-10D31B92F855}
	EndGlobalSection
EndGlobal
